
Microsoft Visual Studio Solution File, Format Version 12.00
# Visual Studio Version 17
VisualStudioVersion = 17.4.33122.133
MinimumVisualStudioVersion = 10.0.40219.1
Project("{FAE04EC0-301F-11D3-BF4B-00C04F79EFBC}") = "ConstructorApplication", "ConstructorApplication.csproj", "{15C788F8-AD30-4F00-87B6-C2C20B3BD12D}"
EndProject
Project("{FAE04EC0-301F-11D3-BF4B-00C04F79EFBC}") = "StaticContructor", "..\StaticContructor\StaticContructor.csproj", "{D9674F0F-D9FC-4EAB-966B-31430FD5AEC0}"
EndProject
Project("{FAE04EC0-301F-11D3-BF4B-00C04F79EFBC}") = "EmployeeLibray", "..\EmployeeLibray\EmployeeLibray.csproj", "{D6E3770C-C49B-4583-B18D-487E4132873F}"
EndProject
Project("{FAE04EC0-301F-11D3-BF4B-00C04F79EFBC}") = "DestructorExample", "..\DestructorExample\DestructorExample.csproj", "{8F19F838-D96A-49C5-A1EA-9A2F9E5DCD73}"
EndProject
Project("{FAE04EC0-301F-11D3-BF4B-00C04F79EFBC}") = "DestructorLibrary", "..\DestructorLibrary\DestructorLibrary.csproj", "{8CBAAD2B-1295-4D5E-BB08-16FE07358286}"
EndProject
Global
	GlobalSection(SolutionConfigurationPlatforms) = preSolution
		Debug|Any CPU = Debug|Any CPU
		Release|Any CPU = Release|Any CPU
	EndGlobalSection
	GlobalSection(ProjectConfigurationPlatforms) = postSolution
		{15C788F8-AD30-4F00-87B6-C2C20B3BD12D}.Debug|Any CPU.ActiveCfg = Debug|Any CPU
		{15C788F8-AD30-4F00-87B6-C2C20B3BD12D}.Debug|Any CPU.Build.0 = Debug|Any CPU
		{15C788F8-AD30-4F00-87B6-C2C20B3BD12D}.Release|Any CPU.ActiveCfg = Release|Any CPU
		{15C788F8-AD30-4F00-87B6-C2C20B3BD12D}.Release|Any CPU.Build.0 = Release|Any CPU
		{D9674F0F-D9FC-4EAB-966B-31430FD5AEC0}.Debug|Any CPU.ActiveCfg = Debug|Any CPU
		{D9674F0F-D9FC-4EAB-966B-31430FD5AEC0}.Debug|Any CPU.Build.0 = Debug|Any CPU
		{D9674F0F-D9FC-4EAB-966B-31430FD5AEC0}.Release|Any CPU.ActiveCfg = Release|Any CPU
		{D9674F0F-D9FC-4EAB-966B-31430FD5AEC0}.Release|Any CPU.Build.0 = Release|Any CPU
		{D6E3770C-C49B-4583-B18D-487E4132873F}.Debug|Any CPU.ActiveCfg = Debug|Any CPU
		{D6E3770C-C49B-4583-B18D-487E4132873F}.Debug|Any CPU.Build.0 = Debug|Any CPU
		{D6E3770C-C49B-4583-B18D-487E4132873F}.Release|Any CPU.ActiveCfg = Release|Any CPU
		{D6E3770C-C49B-4583-B18D-487E4132873F}.Release|Any CPU.Build.0 = Release|Any CPU
		{8F19F838-D96A-49C5-A1EA-9A2F9E5DCD73}.Debug|Any CPU.ActiveCfg = Debug|Any CPU
		{8F19F838-D96A-49C5-A1EA-9A2F9E5DCD73}.Debug|Any CPU.Build.0 = Debug|Any CPU
		{8F19F838-D96A-49C5-A1EA-9A2F9E5DCD73}.Release|Any CPU.ActiveCfg = Release|Any CPU
		{8F19F838-D96A-49C5-A1EA-9A2F9E5DCD73}.Release|Any CPU.Build.0 = Release|Any CPU
		{8CBAAD2B-1295-4D5E-BB08-16FE07358286}.Debug|Any CPU.ActiveCfg = Debug|Any CPU
		{8CBAAD2B-1295-4D5E-BB08-16FE07358286}.Debug|Any CPU.Build.0 = Debug|Any CPU
		{8CBAAD2B-1295-4D5E-BB08-16FE07358286}.Release|Any CPU.ActiveCfg = Release|Any CPU
		{8CBAAD2B-1295-4D5E-BB08-16FE07358286}.Release|Any CPU.Build.0 = Release|Any CPU
	EndGlobalSection
	GlobalSection(SolutionProperties) = preSolution
		HideSolutionNode = FALSE
	EndGlobalSection
	GlobalSection(ExtensibilityGlobals) = postSolution
		SolutionGuid = {E055F27F-F337-4AD0-BFE1-42AEE3C2EB0A}
	EndGlobalSection
EndGlobal
