
Microsoft Visual Studio Solution File, Format Version 12.00
# Visual Studio Version 17
VisualStudioVersion = 17.6.33815.320
MinimumVisualStudioVersion = 10.0.40219.1
Project("{FAE04EC0-301F-11D3-BF4B-00C04F79EFBC}") = "TypeParameter", "TypeParameter.csproj", "{F86E9733-CD90-45B5-97B6-8B7CB5637058}"
EndProject
Global
	GlobalSection(SolutionConfigurationPlatforms) = preSolution
		Debug|Any CPU = Debug|Any CPU
		Release|Any CPU = Release|Any CPU
	EndGlobalSection
	GlobalSection(ProjectConfigurationPlatforms) = postSolution
		{F86E9733-CD90-45B5-97B6-8B7CB5637058}.Debug|Any CPU.ActiveCfg = Debug|Any CPU
		{F86E9733-CD90-45B5-97B6-8B7CB5637058}.Debug|Any CPU.Build.0 = Debug|Any CPU
		{F86E9733-CD90-45B5-97B6-8B7CB5637058}.Release|Any CPU.ActiveCfg = Release|Any CPU
		{F86E9733-CD90-45B5-97B6-8B7CB5637058}.Release|Any CPU.Build.0 = Release|Any CPU
	EndGlobalSection
	GlobalSection(SolutionProperties) = preSolution
		HideSolutionNode = FALSE
	EndGlobalSection
	GlobalSection(ExtensibilityGlobals) = postSolution
		SolutionGuid = {0BCAB0FB-A04D-4698-9403-9C08BD590039}
	EndGlobalSection
EndGlobal
