
Microsoft Visual Studio Solution File, Format Version 12.00
# Visual Studio Version 17
VisualStudioVersion = 17.6.33815.320
MinimumVisualStudioVersion = 10.0.40219.1
Project("{FAE04EC0-301F-11D3-BF4B-00C04F79EFBC}") = "Area", "Area.csproj", "{6C549D16-8123-4AF8-AA51-E39B153FB062}"
EndProject
Global
	GlobalSection(SolutionConfigurationPlatforms) = preSolution
		Debug|Any CPU = Debug|Any CPU
		Release|Any CPU = Release|Any CPU
	EndGlobalSection
	GlobalSection(ProjectConfigurationPlatforms) = postSolution
		{6C549D16-8123-4AF8-AA51-E39B153FB062}.Debug|Any CPU.ActiveCfg = Debug|Any CPU
		{6C549D16-8123-4AF8-AA51-E39B153FB062}.Debug|Any CPU.Build.0 = Debug|Any CPU
		{6C549D16-8123-4AF8-AA51-E39B153FB062}.Release|Any CPU.ActiveCfg = Release|Any CPU
		{6C549D16-8123-4AF8-AA51-E39B153FB062}.Release|Any CPU.Build.0 = Release|Any CPU
	EndGlobalSection
	GlobalSection(SolutionProperties) = preSolution
		HideSolutionNode = FALSE
	EndGlobalSection
	GlobalSection(ExtensibilityGlobals) = postSolution
		SolutionGuid = {0B8C34EA-69ED-40B0-83B7-9D11CC095E6F}
	EndGlobalSection
EndGlobal
